
Microsoft Visual Studio Solution File, Format Version 12.00
# Visual Studio Version 16
VisualStudioVersion = 16.0.29409.12
MinimumVisualStudioVersion = 10.0.40219.1
Project("{2150E333-8FDC-42A2-9474-1A3956D46DE8}") = "CoreTemplates", "CoreTemplates", "{48E26093-109B-4351-A7A4-BD7B97AFCA84}"
EndProject
Project("{2150E333-8FDC-42A2-9474-1A3956D46DE8}") = "VisualStudioQatExtensionOss", "VisualStudioQatExtensionOss", "{519F8006-EDE6-4055-A136-8F616ECF9FBE}"
EndProject
Project("{2150E333-8FDC-42A2-9474-1A3956D46DE8}") = "Maqs.Appium.Template", "Maqs.Appium.Template", "{73F5C935-E157-4204-A036-4C29FFC27BF5}"
EndProject
Project("{9A19103F-16F7-4668-BE54-9A1E7A4F7556}") = "Tests", "CoreTemplates\Maqs.Appium.Template\Tests\Tests.csproj", "{6FC6A4A5-D88E-4750-8A6C-4457243D43B8}"
EndProject
Project("{2150E333-8FDC-42A2-9474-1A3956D46DE8}") = "Maqs.Base.Template", "Maqs.Base.Template", "{D9DF7923-4E8E-4D9D-A955-1B1F54850FDF}"
EndProject
Project("{9A19103F-16F7-4668-BE54-9A1E7A4F7556}") = "Tests", "CoreTemplates\Maqs.Base.Template\Tests\Tests.csproj", "{DAFCCCC6-7467-4136-A1C4-F929F553AAE3}"
EndProject
Project("{2150E333-8FDC-42A2-9474-1A3956D46DE8}") = "Maqs.Composite.Template", "Maqs.Composite.Template", "{AF3A6D1C-1796-45B3-9FCC-9DE80F498D37}"
EndProject
Project("{9A19103F-16F7-4668-BE54-9A1E7A4F7556}") = "Tests", "CoreTemplates\Maqs.Composite.Template\Tests\Tests.csproj", "{2870CB9D-D604-475A-866E-A68D817EA141}"
EndProject
Project("{2150E333-8FDC-42A2-9474-1A3956D46DE8}") = "Maqs.Database.Template", "Maqs.Database.Template", "{FD51E54F-963C-4E5C-87C8-CC3290823B8F}"
EndProject
Project("{9A19103F-16F7-4668-BE54-9A1E7A4F7556}") = "Tests", "CoreTemplates\Maqs.Database.Template\Tests\Tests.csproj", "{8A95C992-C57A-475B-B5A0-1221E43B025B}"
EndProject
Project("{2150E333-8FDC-42A2-9474-1A3956D46DE8}") = "Maqs.Email.Template", "Maqs.Email.Template", "{527D4C8F-5D1A-4522-A0B5-2FC2BCAB530F}"
EndProject
Project("{9A19103F-16F7-4668-BE54-9A1E7A4F7556}") = "Tests", "CoreTemplates\Maqs.Email.Template\Tests\Tests.csproj", "{27B91705-0EF7-4167-A5F8-8CDABFF55544}"
EndProject
Project("{2150E333-8FDC-42A2-9474-1A3956D46DE8}") = "Maqs.Selenium.Template", "Maqs.Selenium.Template", "{5596B091-E2B5-4B98-AECD-330552856ACE}"
EndProject
Project("{9A19103F-16F7-4668-BE54-9A1E7A4F7556}") = "Tests", "CoreTemplates\Maqs.Selenium.Template\Tests\Tests.csproj", "{7B428FE1-04D3-4039-8B2F-49B4D77E301E}"
EndProject
Project("{2150E333-8FDC-42A2-9474-1A3956D46DE8}") = "Maqs.Playwright.Template", "Maqs.Playwright.Template", "{6696B091-E2B5-4B98-AECD-330552856ACE}"
EndProject
Project("{9A19103F-16F7-4668-BE54-9A1E7A4F7556}") = "Tests", "CoreTemplates\Maqs.Playwright.Template\Tests\Tests.csproj", "{99428FE1-04D3-4039-8B2F-49B4D77E301E}"
EndProject
Project("{2150E333-8FDC-42A2-9474-1A3956D46DE8}") = "Maqs.Webservice.Template", "Maqs.Webservice.Template", "{5191E0A3-72D9-4EBB-B32C-5F611B680673}"
EndProject
Project("{9A19103F-16F7-4668-BE54-9A1E7A4F7556}") = "Tests", "CoreTemplates\Maqs.Webservice.Template\Tests\Tests.csproj", "{586249E6-ABEF-443C-9CC3-022A68F57C2B}"
EndProject
Project("{2150E333-8FDC-42A2-9474-1A3956D46DE8}") = "MAQS Framework", "MAQS Framework", "{ADDA9DD8-6815-41D2-85F3-C6A76AF10416}"
EndProject
Project("{2150E333-8FDC-42A2-9474-1A3956D46DE8}") = "MAQS Core", "MAQS Core", "{C3DB4003-7E4E-4327-9F00-E1B89125B8D0}"
EndProject
Project("{2150E333-8FDC-42A2-9474-1A3956D46DE8}") = "QATAppiumTemplate", "QATAppiumTemplate", "{36439012-8CA3-4CC9-ACB7-2C5283D9D72D}"
EndProject
Project("{9A19103F-16F7-4668-BE54-9A1E7A4F7556}") = "Tests", "VisualStudioQatExtensionOss\ProjectTemplates\MAQS Framework\QATAppiumTemplate\Tests\Tests.csproj", "{EA69FF7D-6675-4116-A3DE-82FB2EF112EF}"
EndProject
Project("{2150E333-8FDC-42A2-9474-1A3956D46DE8}") = "QATBaseTemplate", "QATBaseTemplate", "{B99C036A-4158-420B-A5FF-A4735FA15488}"
EndProject
Project("{9A19103F-16F7-4668-BE54-9A1E7A4F7556}") = "Tests", "VisualStudioQatExtensionOss\ProjectTemplates\MAQS Framework\QATBaseTemplate\Tests\Tests.csproj", "{F9168D7B-517D-4053-BE60-4EE7371458A3}"
EndProject
Project("{2150E333-8FDC-42A2-9474-1A3956D46DE8}") = "QATCompositeTemplate", "QATCompositeTemplate", "{479CE585-E6ED-438E-8B99-4F9CD9BFF65D}"
EndProject
Project("{9A19103F-16F7-4668-BE54-9A1E7A4F7556}") = "Tests", "VisualStudioQatExtensionOss\ProjectTemplates\MAQS Framework\QATCompositeTemplate\Tests\Tests.csproj", "{A3E85733-AC06-4570-A516-D8F003AB5BDB}"
EndProject
Project("{2150E333-8FDC-42A2-9474-1A3956D46DE8}") = "QATDatabaseTemplate", "QATDatabaseTemplate", "{E6A96E12-27DE-422D-93A5-2900FDD54E65}"
EndProject
Project("{9A19103F-16F7-4668-BE54-9A1E7A4F7556}") = "Tests", "VisualStudioQatExtensionOss\ProjectTemplates\MAQS Framework\QATDatabaseTemplate\Tests\Tests.csproj", "{89D4CED2-DB87-4246-A445-F5C7A5960F5B}"
EndProject
Project("{2150E333-8FDC-42A2-9474-1A3956D46DE8}") = "QATEmailTemplate", "QATEmailTemplate", "{6435E798-C29F-4FEF-B22F-1C8828A12A59}"
EndProject
Project("{9A19103F-16F7-4668-BE54-9A1E7A4F7556}") = "Tests", "VisualStudioQatExtensionOss\ProjectTemplates\MAQS Framework\QATEmailTemplate\Tests\Tests.csproj", "{EC1C8753-5030-459F-B6E9-CD1D2B98E2B3}"
EndProject
Project("{2150E333-8FDC-42A2-9474-1A3956D46DE8}") = "QATSeleniumTemplate", "QATSeleniumTemplate", "{FD5B5DA4-8ACB-4BC7-978D-39FAC60CE079}"
EndProject
Project("{9A19103F-16F7-4668-BE54-9A1E7A4F7556}") = "Tests", "VisualStudioQatExtensionOss\ProjectTemplates\MAQS Framework\QATSeleniumTemplate\Tests\Tests.csproj", "{CC065DF9-1B2C-4123-B7F6-743237DB11A1}"
EndProject
Project("{2150E333-8FDC-42A2-9474-1A3956D46DE8}") = "QATPlaywrightTemplate", "QATPlaywrightTemplate", "{FD5B5DA4-8ACB-4BC7-978D-39FAC60CE079}"
EndProject
Project("{9A19103F-16F7-4668-BE54-9A1E7A4F7556}") = "Tests", "VisualStudioQatExtensionOss\ProjectTemplates\MAQS Framework\QATPlaywrightTemplate\Tests\Tests.csproj", "{BB1C8753-5030-459F-B6E9-CD1D2B98E2B3}"
EndProject
Project("{2150E333-8FDC-42A2-9474-1A3956D46DE8}") = "QATWebserviceTemplate", "QATWebserviceTemplate", "{28FC16FF-EF37-4241-8E8B-E383F4499C38}"
EndProject
Project("{9A19103F-16F7-4668-BE54-9A1E7A4F7556}") = "Tests", "VisualStudioQatExtensionOss\ProjectTemplates\MAQS Framework\QATWebserviceTemplate\Tests\Tests.csproj", "{50D46138-38A9-40C1-8310-EAA146A41E68}"
EndProject
Project("{9A19103F-16F7-4668-BE54-9A1E7A4F7556}") = "Tests", "VisualStudioQatExtensionOss\ProjectTemplates\MAQS Core\QATAppiumTemplate\Tests\Tests.csproj", "{9B125168-E51A-45ED-A635-F07731C13665}"
EndProject
Project("{9A19103F-16F7-4668-BE54-9A1E7A4F7556}") = "Tests", "VisualStudioQatExtensionOss\ProjectTemplates\MAQS Core\QATBaseTemplate\Tests\Tests.csproj", "{D1769AC8-91F8-4CE5-A737-BA3D24330508}"
EndProject
Project("{9A19103F-16F7-4668-BE54-9A1E7A4F7556}") = "Tests", "VisualStudioQatExtensionOss\ProjectTemplates\MAQS Core\QATCompositeTemplate\Tests\Tests.csproj", "{AC0D7F14-42A2-4DA6-B45D-0D4B98377617}"
EndProject
Project("{9A19103F-16F7-4668-BE54-9A1E7A4F7556}") = "Tests", "VisualStudioQatExtensionOss\ProjectTemplates\MAQS Core\QATDatabaseTemplate\Tests\Tests.csproj", "{37743B7D-44F2-4823-A120-D254ABC2D76E}"
EndProject
Project("{9A19103F-16F7-4668-BE54-9A1E7A4F7556}") = "Tests", "VisualStudioQatExtensionOss\ProjectTemplates\MAQS Core\QATEmailTemplate\Tests\Tests.csproj", "{8B97C4A7-8C1D-4E0B-AE8C-09769F135477}"
EndProject
Project("{9A19103F-16F7-4668-BE54-9A1E7A4F7556}") = "Tests", "VisualStudioQatExtensionOss\ProjectTemplates\MAQS Core\QATSeleniumTemplate\Tests\Tests.csproj", "{FBC18186-00DA-4F07-9A02-3B6F7EB00F3B}"
EndProject
Project("{9A19103F-16F7-4668-BE54-9A1E7A4F7556}") = "Tests", "VisualStudioQatExtensionOss\ProjectTemplates\MAQS Core\QATSeleniumTemplate\Tests\Tests.csproj", "{ABC14146-00DA-4F07-9A02-3B6F7EB00F3B}"
EndProject
Project("{9A19103F-16F7-4668-BE54-9A1E7A4F7556}") = "Tests", "VisualStudioQatExtensionOss\ProjectTemplates\MAQS Core\QATPlaywrightTemplate\Tests\Tests.csproj", "{CBA61416-00DA-4F07-9A02-3B6F7EB00F3B}"
EndProject
Project("{9A19103F-16F7-4668-BE54-9A1E7A4F7556}") = "Tests", "VisualStudioQatExtensionOss\ProjectTemplates\MAQS Core\QATWebserviceTemplate\Tests\Tests.csproj", "{B56CB921-1008-4216-82C5-634EFBB981EC}"
EndProject
Project("{9A19103F-16F7-4668-BE54-9A1E7A4F7556}") = "WebServiceModel", "BaseContent\Maqs.Webservice.Template\WebServiceModel\WebServiceModel.csproj", "{8B125168-E51A-45ED-A635-F07731C13665}"
EndProject
Project("{9A19103F-16F7-4668-BE54-9A1E7A4F7556}") = "Models", "BaseContent\Maqs.Composite.Template\Models\Models.csproj", "{7B125168-E51A-45ED-A635-F07731C13665}"
EndProject
Project("{9A19103F-16F7-4668-BE54-9A1E7A4F7556}") = "PageModel", "BaseContent\Maqs.Selenium.Template\PageModel\PageModel.csproj", "{6B125168-E51A-45ED-A635-F07731C13665}"
EndProject
Project("{9A19103F-16F7-4668-BE54-9A1E7A4F7556}") = "PageModel", "BaseContent\Maqs.Playwright.Template\PageModel\PageModel.csproj", "{8A225167-E51A-45ED-A635-F07731C13665}"
EndProject
Project("{9A19103F-16F7-4668-BE54-9A1E7A4F7556}") = "Tests", "BaseContent\Maqs.Webservice.Template\Tests\Tests.csproj", "{5B125168-E51A-45ED-A635-F07731C13665}"
EndProject
Project("{9A19103F-16F7-4668-BE54-9A1E7A4F7556}") = "Tests", "BaseContent\Maqs.Email.Template\Tests\Tests.csproj", "{4B125168-E51A-45ED-A635-F07731C13665}"
EndProject
Project("{9A19103F-16F7-4668-BE54-9A1E7A4F7556}") = "Tests", "BaseContent\Maqs.Database.Template\Tests\Tests.csproj", "{3B125168-E51A-45ED-A635-F07731C13665}"
EndProject
Project("{9A19103F-16F7-4668-BE54-9A1E7A4F7556}") = "Tests", "BaseContent\Maqs.Base.Template\Tests\Tests.csproj", "{2B125168-E51A-45ED-A635-F07731C13665}"
EndProject
Project("{9A19103F-16F7-4668-BE54-9A1E7A4F7556}") = "PageModel", "BaseContent\Maqs.Appium.Template\PageModel\PageModel.csproj", "{1B125168-E51A-45ED-A635-F07731C13665}"
EndProject
Project("{9A19103F-16F7-4668-BE54-9A1E7A4F7556}") = "Tests", "BaseContent\Maqs.Composite.Template\Tests\Tests.csproj", "{0B125168-E51A-45ED-A635-F07731C13665}"
EndProject
Project("{9A19103F-16F7-4668-BE54-9A1E7A4F7556}") = "Tests", "BaseContent\Maqs.Playwright.Template\Tests\Tests.csproj", "{AB125168-E51A-45ED-A635-F07731C13665}"
EndProject
Project("{9A19103F-16F7-4668-BE54-9A1E7A4F7556}") = "Tests", "BaseContent\Maqs.Appium.Template\Tests\Tests.csproj", "{BB125168-E51A-45ED-A635-F07731C13665}"
EndProject
Project("{2150E333-8FDC-42A2-9474-1A3956D46DE8}") = "SpecFlow", "SpecFlow", "{6D67E3C8-9F56-4F13-910E-C064E49F625B}"
EndProject
Project("{9A19103F-16F7-4668-BE54-9A1E7A4F7556}") = "Tests", "VisualStudioQatExtensionOss\ProjectTemplates\MAQS Gherkin\QATSpecFlowAppiumTemplate\Tests\Tests.csproj", "{C80CAAFD-69BD-4C03-9A01-299888FBFE8D}"
EndProject
Project("{2150E333-8FDC-42A2-9474-1A3956D46DE8}") = "QATSpecFlowAppiumTemplate", "QATSpecFlowAppiumTemplate", "{00893E48-8155-405C-AF36-3360FF2E3EDC}"
EndProject
Project("{2150E333-8FDC-42A2-9474-1A3956D46DE8}") = "QATSpecFlowCompositeTemplate", "QATSpecFlowCompositeTemplate", "{DFBF58DB-8D0F-40D7-AC03-C6A091F32E6E}"
EndProject
Project("{9A19103F-16F7-4668-BE54-9A1E7A4F7556}") = "Tests", "VisualStudioQatExtensionOss\ProjectTemplates\MAQS Gherkin\QATSpecFlowCompositeTemplate\Tests\Tests.csproj", "{8EADE8DD-8963-4440-A249-063694C892B3}"
EndProject
Project("{2150E333-8FDC-42A2-9474-1A3956D46DE8}") = "QATSpecFlowSeleniumTemplate", "QATSpecFlowSeleniumTemplate", "{B43DACD4-0DBE-4CD3-A849-A8D2589661C5}"
EndProject
Project("{9A19103F-16F7-4668-BE54-9A1E7A4F7556}") = "Tests", "VisualStudioQatExtensionOss\ProjectTemplates\MAQS Gherkin\QATSpecFlowSeleniumTemplate\Tests\Tests.csproj", "{EC65954E-6142-4B05-B6D0-399D96503E3D}"
EndProject
Project("{2150E333-8FDC-42A2-9474-1A3956D46DE8}") = "QATNUnitSpecFlowAppiumTemplate", "QATNUnitSpecFlowAppiumTemplate", "{F2176BDF-9C5C-4107-A465-95EE06E9615F}"
EndProject
Project("{9A19103F-16F7-4668-BE54-9A1E7A4F7556}") = "Tests", "VisualStudioQatExtensionOss\ProjectTemplates\MAQS Gherkin\NUnit\QATNUnitSpecFlowAppiumTemplate\Tests\Tests.csproj", "{9468B54D-4A33-4C9A-AFB8-03C45A6E8293}"
EndProject
Project("{2150E333-8FDC-42A2-9474-1A3956D46DE8}") = "QATNUnitSpecFlowCompositeTemplate", "QATNUnitSpecFlowCompositeTemplate", "{637A9917-840F-479B-BF32-0F4ACD12EC0A}"
EndProject
Project("{9A19103F-16F7-4668-BE54-9A1E7A4F7556}") = "Tests", "VisualStudioQatExtensionOss\ProjectTemplates\MAQS Gherkin\NUnit\QATNUnitSpecFlowCompositeTemplate\Tests\Tests.csproj", "{D9F5A031-964D-464F-A628-2067E110A186}"
EndProject
Project("{2150E333-8FDC-42A2-9474-1A3956D46DE8}") = "QATNUnitSpecFlowSeleniumTemplate", "QATNUnitSpecFlowSeleniumTemplate", "{381D7C36-7F46-475E-A692-533E9CDB522A}"
EndProject
Project("{9A19103F-16F7-4668-BE54-9A1E7A4F7556}") = "Tests", "VisualStudioQatExtensionOss\ProjectTemplates\MAQS Gherkin\NUnit\QATNUnitSpecFlowSeleniumTemplate\Tests\Tests.csproj", "{499CFF64-CE72-4262-98DE-DD657934D99D}"
EndProject
Global
	GlobalSection(SolutionConfigurationPlatforms) = preSolution
		Debug|Any CPU = Debug|Any CPU
		Release|Any CPU = Release|Any CPU
	EndGlobalSection
	GlobalSection(ProjectConfigurationPlatforms) = postSolution
		{6FC6A4A5-D88E-4750-8A6C-4457243D43B8}.Debug|Any CPU.ActiveCfg = Debug|Any CPU
		{6FC6A4A5-D88E-4750-8A6C-4457243D43B8}.Debug|Any CPU.Build.0 = Debug|Any CPU
		{6FC6A4A5-D88E-4750-8A6C-4457243D43B8}.Release|Any CPU.ActiveCfg = Release|Any CPU
		{6FC6A4A5-D88E-4750-8A6C-4457243D43B8}.Release|Any CPU.Build.0 = Release|Any CPU
		{DAFCCCC6-7467-4136-A1C4-F929F553AAE3}.Debug|Any CPU.ActiveCfg = Debug|Any CPU
		{DAFCCCC6-7467-4136-A1C4-F929F553AAE3}.Debug|Any CPU.Build.0 = Debug|Any CPU
		{DAFCCCC6-7467-4136-A1C4-F929F553AAE3}.Release|Any CPU.ActiveCfg = Release|Any CPU
		{DAFCCCC6-7467-4136-A1C4-F929F553AAE3}.Release|Any CPU.Build.0 = Release|Any CPU
		{2870CB9D-D604-475A-866E-A68D817EA141}.Debug|Any CPU.ActiveCfg = Debug|Any CPU
		{2870CB9D-D604-475A-866E-A68D817EA141}.Debug|Any CPU.Build.0 = Debug|Any CPU
		{2870CB9D-D604-475A-866E-A68D817EA141}.Release|Any CPU.ActiveCfg = Release|Any CPU
		{2870CB9D-D604-475A-866E-A68D817EA141}.Release|Any CPU.Build.0 = Release|Any CPU
		{8A95C992-C57A-475B-B5A0-1221E43B025B}.Debug|Any CPU.ActiveCfg = Debug|Any CPU
		{8A95C992-C57A-475B-B5A0-1221E43B025B}.Debug|Any CPU.Build.0 = Debug|Any CPU
		{8A95C992-C57A-475B-B5A0-1221E43B025B}.Release|Any CPU.ActiveCfg = Release|Any CPU
		{8A95C992-C57A-475B-B5A0-1221E43B025B}.Release|Any CPU.Build.0 = Release|Any CPU
		{27B91705-0EF7-4167-A5F8-8CDABFF55544}.Debug|Any CPU.ActiveCfg = Debug|Any CPU
		{27B91705-0EF7-4167-A5F8-8CDABFF55544}.Debug|Any CPU.Build.0 = Debug|Any CPU
		{27B91705-0EF7-4167-A5F8-8CDABFF55544}.Release|Any CPU.ActiveCfg = Release|Any CPU
		{27B91705-0EF7-4167-A5F8-8CDABFF55544}.Release|Any CPU.Build.0 = Release|Any CPU
		{7B428FE1-04D3-4039-8B2F-49B4D77E301E}.Debug|Any CPU.ActiveCfg = Debug|Any CPU
		{7B428FE1-04D3-4039-8B2F-49B4D77E301E}.Debug|Any CPU.Build.0 = Debug|Any CPU
		{7B428FE1-04D3-4039-8B2F-49B4D77E301E}.Release|Any CPU.ActiveCfg = Release|Any CPU
		{7B428FE1-04D3-4039-8B2F-49B4D77E301E}.Release|Any CPU.Build.0 = Release|Any CPU
		{586249E6-ABEF-443C-9CC3-022A68F57C2B}.Debug|Any CPU.ActiveCfg = Debug|Any CPU
		{586249E6-ABEF-443C-9CC3-022A68F57C2B}.Debug|Any CPU.Build.0 = Debug|Any CPU
		{586249E6-ABEF-443C-9CC3-022A68F57C2B}.Release|Any CPU.ActiveCfg = Release|Any CPU
		{586249E6-ABEF-443C-9CC3-022A68F57C2B}.Release|Any CPU.Build.0 = Release|Any CPU
		{EA69FF7D-6675-4116-A3DE-82FB2EF112EF}.Debug|Any CPU.ActiveCfg = Debug|Any CPU
		{EA69FF7D-6675-4116-A3DE-82FB2EF112EF}.Debug|Any CPU.Build.0 = Debug|Any CPU
		{EA69FF7D-6675-4116-A3DE-82FB2EF112EF}.Release|Any CPU.ActiveCfg = Release|Any CPU
		{EA69FF7D-6675-4116-A3DE-82FB2EF112EF}.Release|Any CPU.Build.0 = Release|Any CPU
		{F9168D7B-517D-4053-BE60-4EE7371458A3}.Debug|Any CPU.ActiveCfg = Debug|Any CPU
		{F9168D7B-517D-4053-BE60-4EE7371458A3}.Debug|Any CPU.Build.0 = Debug|Any CPU
		{F9168D7B-517D-4053-BE60-4EE7371458A3}.Release|Any CPU.ActiveCfg = Release|Any CPU
		{F9168D7B-517D-4053-BE60-4EE7371458A3}.Release|Any CPU.Build.0 = Release|Any CPU
		{A3E85733-AC06-4570-A516-D8F003AB5BDB}.Debug|Any CPU.ActiveCfg = Debug|Any CPU
		{A3E85733-AC06-4570-A516-D8F003AB5BDB}.Debug|Any CPU.Build.0 = Debug|Any CPU
		{A3E85733-AC06-4570-A516-D8F003AB5BDB}.Release|Any CPU.ActiveCfg = Release|Any CPU
		{A3E85733-AC06-4570-A516-D8F003AB5BDB}.Release|Any CPU.Build.0 = Release|Any CPU
		{89D4CED2-DB87-4246-A445-F5C7A5960F5B}.Debug|Any CPU.ActiveCfg = Debug|Any CPU
		{89D4CED2-DB87-4246-A445-F5C7A5960F5B}.Debug|Any CPU.Build.0 = Debug|Any CPU
		{89D4CED2-DB87-4246-A445-F5C7A5960F5B}.Release|Any CPU.ActiveCfg = Release|Any CPU
		{89D4CED2-DB87-4246-A445-F5C7A5960F5B}.Release|Any CPU.Build.0 = Release|Any CPU
		{EC1C8753-5030-459F-B6E9-CD1D2B98E2B3}.Debug|Any CPU.ActiveCfg = Debug|Any CPU
		{EC1C8753-5030-459F-B6E9-CD1D2B98E2B3}.Debug|Any CPU.Build.0 = Debug|Any CPU
		{EC1C8753-5030-459F-B6E9-CD1D2B98E2B3}.Release|Any CPU.ActiveCfg = Release|Any CPU
		{EC1C8753-5030-459F-B6E9-CD1D2B98E2B3}.Release|Any CPU.Build.0 = Release|Any CPU
		{CC065DF9-1B2C-4123-B7F6-743237DB11A1}.Debug|Any CPU.ActiveCfg = Debug|Any CPU
		{CC065DF9-1B2C-4123-B7F6-743237DB11A1}.Debug|Any CPU.Build.0 = Debug|Any CPU
		{CC065DF9-1B2C-4123-B7F6-743237DB11A1}.Release|Any CPU.ActiveCfg = Release|Any CPU
		{CC065DF9-1B2C-4123-B7F6-743237DB11A1}.Release|Any CPU.Build.0 = Release|Any CPU
		{50D46138-38A9-40C1-8310-EAA146A41E68}.Debug|Any CPU.ActiveCfg = Debug|Any CPU
		{50D46138-38A9-40C1-8310-EAA146A41E68}.Debug|Any CPU.Build.0 = Debug|Any CPU
		{50D46138-38A9-40C1-8310-EAA146A41E68}.Release|Any CPU.ActiveCfg = Release|Any CPU
		{50D46138-38A9-40C1-8310-EAA146A41E68}.Release|Any CPU.Build.0 = Release|Any CPU
		{8B125168-E51A-45ED-A635-F07731C13665}.Debug|Any CPU.ActiveCfg = Debug|Any CPU
		{7B125168-E51A-45ED-A635-F07731C13665}.Debug|Any CPU.ActiveCfg = Debug|Any CPU
		{6B125168-E51A-45ED-A635-F07731C13665}.Debug|Any CPU.ActiveCfg = Debug|Any CPU
		{5B125168-E51A-45ED-A635-F07731C13665}.Debug|Any CPU.ActiveCfg = Debug|Any CPU
		{4B125168-E51A-45ED-A635-F07731C13665}.Debug|Any CPU.ActiveCfg = Debug|Any CPU
		{3B125168-E51A-45ED-A635-F07731C13665}.Debug|Any CPU.ActiveCfg = Debug|Any CPU
		{2B125168-E51A-45ED-A635-F07731C13665}.Debug|Any CPU.ActiveCfg = Debug|Any CPU
		{1B125168-E51A-45ED-A635-F07731C13665}.Debug|Any CPU.ActiveCfg = Debug|Any CPU
		{0B125168-E51A-45ED-A635-F07731C13665}.Debug|Any CPU.ActiveCfg = Debug|Any CPU
		{AB125168-E51A-45ED-A635-F07731C13665}.Debug|Any CPU.ActiveCfg = Debug|Any CPU
		{BB125168-E51A-45ED-A635-F07731C13665}.Debug|Any CPU.ActiveCfg = Debug|Any CPU
		{9B125168-E51A-45ED-A635-F07731C13665}.Debug|Any CPU.ActiveCfg = Debug|Any CPU
		{8B125168-E51A-45ED-A635-F07731C13665}.Debug|Any CPU.Build.0 = Debug|Any CPU
		{7B125168-E51A-45ED-A635-F07731C13665}.Debug|Any CPU.Build.0 = Debug|Any CPU
		{6B125168-E51A-45ED-A635-F07731C13665}.Debug|Any CPU.Build.0 = Debug|Any CPU
		{5B125168-E51A-45ED-A635-F07731C13665}.Debug|Any CPU.Build.0 = Debug|Any CPU
		{4B125168-E51A-45ED-A635-F07731C13665}.Debug|Any CPU.Build.0 = Debug|Any CPU
		{3B125168-E51A-45ED-A635-F07731C13665}.Debug|Any CPU.Build.0 = Debug|Any CPU
		{2B125168-E51A-45ED-A635-F07731C13665}.Debug|Any CPU.Build.0 = Debug|Any CPU
		{1B125168-E51A-45ED-A635-F07731C13665}.Debug|Any CPU.Build.0 = Debug|Any CPU
		{0B125168-E51A-45ED-A635-F07731C13665}.Debug|Any CPU.Build.0 = Debug|Any CPU
		{AB125168-E51A-45ED-A635-F07731C13665}.Debug|Any CPU.Build.0 = Debug|Any CPU
		{BB125168-E51A-45ED-A635-F07731C13665}.Debug|Any CPU.Build.0 = Debug|Any CPU
		{9B125168-E51A-45ED-A635-F07731C13665}.Debug|Any CPU.Build.0 = Debug|Any CPU
		{8B125168-E51A-45ED-A635-F07731C13665}.Release|Any CPU.ActiveCfg = Release|Any CPU
		{7B125168-E51A-45ED-A635-F07731C13665}.Release|Any CPU.ActiveCfg = Release|Any CPU
		{6B125168-E51A-45ED-A635-F07731C13665}.Release|Any CPU.ActiveCfg = Release|Any CPU
		{5B125168-E51A-45ED-A635-F07731C13665}.Release|Any CPU.ActiveCfg = Release|Any CPU
		{4B125168-E51A-45ED-A635-F07731C13665}.Release|Any CPU.ActiveCfg = Release|Any CPU
		{3B125168-E51A-45ED-A635-F07731C13665}.Release|Any CPU.ActiveCfg = Release|Any CPU
		{2B125168-E51A-45ED-A635-F07731C13665}.Release|Any CPU.ActiveCfg = Release|Any CPU
		{1B125168-E51A-45ED-A635-F07731C13665}.Release|Any CPU.ActiveCfg = Release|Any CPU
		{0B125168-E51A-45ED-A635-F07731C13665}.Release|Any CPU.ActiveCfg = Release|Any CPU
		{AB125168-E51A-45ED-A635-F07731C13665}.Release|Any CPU.ActiveCfg = Release|Any CPU
		{BB125168-E51A-45ED-A635-F07731C13665}.Release|Any CPU.ActiveCfg = Release|Any CPU
		{9B125168-E51A-45ED-A635-F07731C13665}.Release|Any CPU.ActiveCfg = Release|Any CPU
		{8B125168-E51A-45ED-A635-F07731C13665}.Release|Any CPU.Build.0 = Release|Any CPU
		{7B125168-E51A-45ED-A635-F07731C13665}.Release|Any CPU.Build.0 = Release|Any CPU
		{6B125168-E51A-45ED-A635-F07731C13665}.Release|Any CPU.Build.0 = Release|Any CPU
		{5B125168-E51A-45ED-A635-F07731C13665}.Release|Any CPU.Build.0 = Release|Any CPU
		{4B125168-E51A-45ED-A635-F07731C13665}.Release|Any CPU.Build.0 = Release|Any CPU
		{3B125168-E51A-45ED-A635-F07731C13665}.Release|Any CPU.Build.0 = Release|Any CPU
		{2B125168-E51A-45ED-A635-F07731C13665}.Release|Any CPU.Build.0 = Release|Any CPU
		{1B125168-E51A-45ED-A635-F07731C13665}.Release|Any CPU.Build.0 = Release|Any CPU
		{0B125168-E51A-45ED-A635-F07731C13665}.Release|Any CPU.Build.0 = Release|Any CPU
		{AB125168-E51A-45ED-A635-F07731C13665}.Release|Any CPU.Build.0 = Release|Any CPU
		{BB125168-E51A-45ED-A635-F07731C13665}.Release|Any CPU.Build.0 = Release|Any CPU
		{9B125168-E51A-45ED-A635-F07731C13665}.Release|Any CPU.Build.0 = Release|Any CPU
		{9B125168-E51A-45ED-A635-F07731C13665}.Debug|Any CPU.Build.0 = Debug|Any CPU
		{9B125168-E51A-45ED-A635-F07731C13665}.Release|Any CPU.ActiveCfg = Release|Any CPU
		{9B125168-E51A-45ED-A635-F07731C13665}.Release|Any CPU.Build.0 = Release|Any CPU
		{D1769AC8-91F8-4CE5-A737-BA3D24330508}.Debug|Any CPU.ActiveCfg = Debug|Any CPU
		{D1769AC8-91F8-4CE5-A737-BA3D24330508}.Debug|Any CPU.Build.0 = Debug|Any CPU
		{D1769AC8-91F8-4CE5-A737-BA3D24330508}.Release|Any CPU.ActiveCfg = Release|Any CPU
		{D1769AC8-91F8-4CE5-A737-BA3D24330508}.Release|Any CPU.Build.0 = Release|Any CPU
		{AC0D7F14-42A2-4DA6-B45D-0D4B98377617}.Debug|Any CPU.ActiveCfg = Debug|Any CPU
		{AC0D7F14-42A2-4DA6-B45D-0D4B98377617}.Debug|Any CPU.Build.0 = Debug|Any CPU
		{AC0D7F14-42A2-4DA6-B45D-0D4B98377617}.Release|Any CPU.ActiveCfg = Release|Any CPU
		{AC0D7F14-42A2-4DA6-B45D-0D4B98377617}.Release|Any CPU.Build.0 = Release|Any CPU
		{37743B7D-44F2-4823-A120-D254ABC2D76E}.Debug|Any CPU.ActiveCfg = Debug|Any CPU
		{37743B7D-44F2-4823-A120-D254ABC2D76E}.Debug|Any CPU.Build.0 = Debug|Any CPU
		{37743B7D-44F2-4823-A120-D254ABC2D76E}.Release|Any CPU.ActiveCfg = Release|Any CPU
		{37743B7D-44F2-4823-A120-D254ABC2D76E}.Release|Any CPU.Build.0 = Release|Any CPU
		{8B97C4A7-8C1D-4E0B-AE8C-09769F135477}.Debug|Any CPU.ActiveCfg = Debug|Any CPU
		{8B97C4A7-8C1D-4E0B-AE8C-09769F135477}.Debug|Any CPU.Build.0 = Debug|Any CPU
		{8B97C4A7-8C1D-4E0B-AE8C-09769F135477}.Release|Any CPU.ActiveCfg = Release|Any CPU
		{8B97C4A7-8C1D-4E0B-AE8C-09769F135477}.Release|Any CPU.Build.0 = Release|Any CPU
		{FBC18186-00DA-4F07-9A02-3B6F7EB00F3B}.Debug|Any CPU.ActiveCfg = Debug|Any CPU
		{FBC18186-00DA-4F07-9A02-3B6F7EB00F3B}.Debug|Any CPU.Build.0 = Debug|Any CPU
		{FBC18186-00DA-4F07-9A02-3B6F7EB00F3B}.Release|Any CPU.ActiveCfg = Release|Any CPU
		{FBC18186-00DA-4F07-9A02-3B6F7EB00F3B}.Release|Any CPU.Build.0 = Release|Any CPU
		{AB125168-E51A-45ED-A635-F07731C13665}.Debug|Any CPU.ActiveCfg = Debug|Any CPU
		{AB125168-E51A-45ED-A635-F07731C13665}.Debug|Any CPU.Build.0 = Debug|Any CPU
		{AB125168-E51A-45ED-A635-F07731C13665}.Release|Any CPU.ActiveCfg = Release|Any CPU
		{AB125168-E51A-45ED-A635-F07731C13665}.Release|Any CPU.Build.0 = Release|Any CPU
		{8A225167-E51A-45ED-A635-F07731C13665}.Debug|Any CPU.ActiveCfg = Debug|Any CPU
		{8A225167-E51A-45ED-A635-F07731C13665}.Debug|Any CPU.Build.0 = Debug|Any CPU
		{8A225167-E51A-45ED-A635-F07731C13665}.Release|Any CPU.ActiveCfg = Release|Any CPU
		{8A225167-E51A-45ED-A635-F07731C13665}.Release|Any CPU.Build.0 = Release|Any CPU
		{CBA61416-00DA-4F07-9A02-3B6F7EB00F3B}.Debug|Any CPU.ActiveCfg = Debug|Any CPU
		{CBA61416-00DA-4F07-9A02-3B6F7EB00F3B}.Debug|Any CPU.Build.0 = Debug|Any CPU
		{CBA61416-00DA-4F07-9A02-3B6F7EB00F3B}.Release|Any CPU.ActiveCfg = Release|Any CPU
		{CBA61416-00DA-4F07-9A02-3B6F7EB00F3B}.Release|Any CPU.Build.0 = Release|Any CPU
		{BB1C8753-5030-459F-B6E9-CD1D2B98E2B3}.Debug|Any CPU.ActiveCfg = Debug|Any CPU
		{BB1C8753-5030-459F-B6E9-CD1D2B98E2B3}.Debug|Any CPU.Build.0 = Debug|Any CPU
		{BB1C8753-5030-459F-B6E9-CD1D2B98E2B3}.Release|Any CPU.ActiveCfg = Release|Any CPU
		{BB1C8753-5030-459F-B6E9-CD1D2B98E2B3}.Release|Any CPU.Build.0 = Release|Any CPU
		{6696B091-E2B5-4B98-AECD-330552856ACE}.Debug|Any CPU.ActiveCfg = Debug|Any CPU
		{6696B091-E2B5-4B98-AECD-330552856ACE}.Debug|Any CPU.Build.0 = Debug|Any CPU
		{6696B091-E2B5-4B98-AECD-330552856ACE}.Release|Any CPU.ActiveCfg = Release|Any CPU
		{6696B091-E2B5-4B98-AECD-330552856ACE}.Release|Any CPU.Build.0 = Release|Any CPU
		{99428FE1-04D3-4039-8B2F-49B4D77E301E}.Debug|Any CPU.ActiveCfg = Debug|Any CPU
		{99428FE1-04D3-4039-8B2F-49B4D77E301E}.Debug|Any CPU.Build.0 = Debug|Any CPU
		{99428FE1-04D3-4039-8B2F-49B4D77E301E}.Release|Any CPU.ActiveCfg = Release|Any CPU
		{99428FE1-04D3-4039-8B2F-49B4D77E301E}.Release|Any CPU.Build.0 = Release|Any CPU
		{B56CB921-1008-4216-82C5-634EFBB981EC}.Debug|Any CPU.ActiveCfg = Debug|Any CPU
		{B56CB921-1008-4216-82C5-634EFBB981EC}.Debug|Any CPU.Build.0 = Debug|Any CPU
		{B56CB921-1008-4216-82C5-634EFBB981EC}.Release|Any CPU.ActiveCfg = Release|Any CPU
		{B56CB921-1008-4216-82C5-634EFBB981EC}.Release|Any CPU.Build.0 = Release|Any CPU
		{C80CAAFD-69BD-4C03-9A01-299888FBFE8D}.Debug|Any CPU.ActiveCfg = Debug|Any CPU
		{C80CAAFD-69BD-4C03-9A01-299888FBFE8D}.Debug|Any CPU.Build.0 = Debug|Any CPU
		{C80CAAFD-69BD-4C03-9A01-299888FBFE8D}.Release|Any CPU.ActiveCfg = Release|Any CPU
		{C80CAAFD-69BD-4C03-9A01-299888FBFE8D}.Release|Any CPU.Build.0 = Release|Any CPU
		{8EADE8DD-8963-4440-A249-063694C892B3}.Debug|Any CPU.ActiveCfg = Debug|Any CPU
		{8EADE8DD-8963-4440-A249-063694C892B3}.Debug|Any CPU.Build.0 = Debug|Any CPU
		{8EADE8DD-8963-4440-A249-063694C892B3}.Release|Any CPU.ActiveCfg = Release|Any CPU
		{8EADE8DD-8963-4440-A249-063694C892B3}.Release|Any CPU.Build.0 = Release|Any CPU
		{EC65954E-6142-4B05-B6D0-399D96503E3D}.Debug|Any CPU.ActiveCfg = Debug|Any CPU
		{EC65954E-6142-4B05-B6D0-399D96503E3D}.Debug|Any CPU.Build.0 = Debug|Any CPU
		{EC65954E-6142-4B05-B6D0-399D96503E3D}.Release|Any CPU.ActiveCfg = Release|Any CPU
		{EC65954E-6142-4B05-B6D0-399D96503E3D}.Release|Any CPU.Build.0 = Release|Any CPU
		{9468B54D-4A33-4C9A-AFB8-03C45A6E8293}.Debug|Any CPU.ActiveCfg = Debug|Any CPU
		{9468B54D-4A33-4C9A-AFB8-03C45A6E8293}.Debug|Any CPU.Build.0 = Debug|Any CPU
		{9468B54D-4A33-4C9A-AFB8-03C45A6E8293}.Release|Any CPU.ActiveCfg = Release|Any CPU
		{9468B54D-4A33-4C9A-AFB8-03C45A6E8293}.Release|Any CPU.Build.0 = Release|Any CPU
		{D9F5A031-964D-464F-A628-2067E110A186}.Debug|Any CPU.ActiveCfg = Debug|Any CPU
		{D9F5A031-964D-464F-A628-2067E110A186}.Debug|Any CPU.Build.0 = Debug|Any CPU
		{D9F5A031-964D-464F-A628-2067E110A186}.Release|Any CPU.ActiveCfg = Release|Any CPU
		{D9F5A031-964D-464F-A628-2067E110A186}.Release|Any CPU.Build.0 = Release|Any CPU
		{499CFF64-CE72-4262-98DE-DD657934D99D}.Debug|Any CPU.ActiveCfg = Debug|Any CPU
		{499CFF64-CE72-4262-98DE-DD657934D99D}.Debug|Any CPU.Build.0 = Debug|Any CPU
		{499CFF64-CE72-4262-98DE-DD657934D99D}.Release|Any CPU.ActiveCfg = Release|Any CPU
		{499CFF64-CE72-4262-98DE-DD657934D99D}.Release|Any CPU.Build.0 = Release|Any CPU
	EndGlobalSection
	GlobalSection(SolutionProperties) = preSolution
		HideSolutionNode = FALSE
	EndGlobalSection
	GlobalSection(NestedProjects) = preSolution
		{73F5C935-E157-4204-A036-4C29FFC27BF5} = {48E26093-109B-4351-A7A4-BD7B97AFCA84}
		{6FC6A4A5-D88E-4750-8A6C-4457243D43B8} = {73F5C935-E157-4204-A036-4C29FFC27BF5}
		{D9DF7923-4E8E-4D9D-A955-1B1F54850FDF} = {48E26093-109B-4351-A7A4-BD7B97AFCA84}
		{DAFCCCC6-7467-4136-A1C4-F929F553AAE3} = {D9DF7923-4E8E-4D9D-A955-1B1F54850FDF}
		{AF3A6D1C-1796-45B3-9FCC-9DE80F498D37} = {48E26093-109B-4351-A7A4-BD7B97AFCA84}
		{2870CB9D-D604-475A-866E-A68D817EA141} = {AF3A6D1C-1796-45B3-9FCC-9DE80F498D37}
		{FD51E54F-963C-4E5C-87C8-CC3290823B8F} = {48E26093-109B-4351-A7A4-BD7B97AFCA84}
		{8A95C992-C57A-475B-B5A0-1221E43B025B} = {FD51E54F-963C-4E5C-87C8-CC3290823B8F}
		{527D4C8F-5D1A-4522-A0B5-2FC2BCAB530F} = {48E26093-109B-4351-A7A4-BD7B97AFCA84}
		{27B91705-0EF7-4167-A5F8-8CDABFF55544} = {527D4C8F-5D1A-4522-A0B5-2FC2BCAB530F}
		{5596B091-E2B5-4B98-AECD-330552856ACE} = {48E26093-109B-4351-A7A4-BD7B97AFCA84}
		{7B428FE1-04D3-4039-8B2F-49B4D77E301E} = {5596B091-E2B5-4B98-AECD-330552856ACE}
		{5191E0A3-72D9-4EBB-B32C-5F611B680673} = {48E26093-109B-4351-A7A4-BD7B97AFCA84}
		{586249E6-ABEF-443C-9CC3-022A68F57C2B} = {5191E0A3-72D9-4EBB-B32C-5F611B680673}
		{ADDA9DD8-6815-41D2-85F3-C6A76AF10416} = {519F8006-EDE6-4055-A136-8F616ECF9FBE}
		{C3DB4003-7E4E-4327-9F00-E1B89125B8D0} = {519F8006-EDE6-4055-A136-8F616ECF9FBE}
		{36439012-8CA3-4CC9-ACB7-2C5283D9D72D} = {ADDA9DD8-6815-41D2-85F3-C6A76AF10416}
		{EA69FF7D-6675-4116-A3DE-82FB2EF112EF} = {36439012-8CA3-4CC9-ACB7-2C5283D9D72D}
		{B99C036A-4158-420B-A5FF-A4735FA15488} = {ADDA9DD8-6815-41D2-85F3-C6A76AF10416}
		{F9168D7B-517D-4053-BE60-4EE7371458A3} = {B99C036A-4158-420B-A5FF-A4735FA15488}
		{479CE585-E6ED-438E-8B99-4F9CD9BFF65D} = {ADDA9DD8-6815-41D2-85F3-C6A76AF10416}
		{A3E85733-AC06-4570-A516-D8F003AB5BDB} = {479CE585-E6ED-438E-8B99-4F9CD9BFF65D}
		{E6A96E12-27DE-422D-93A5-2900FDD54E65} = {ADDA9DD8-6815-41D2-85F3-C6A76AF10416}
		{89D4CED2-DB87-4246-A445-F5C7A5960F5B} = {E6A96E12-27DE-422D-93A5-2900FDD54E65}
		{6435E798-C29F-4FEF-B22F-1C8828A12A59} = {ADDA9DD8-6815-41D2-85F3-C6A76AF10416}
		{EC1C8753-5030-459F-B6E9-CD1D2B98E2B3} = {6435E798-C29F-4FEF-B22F-1C8828A12A59}
		{FD5B5DA4-8ACB-4BC7-978D-39FAC60CE079} = {ADDA9DD8-6815-41D2-85F3-C6A76AF10416}
		{CC065DF9-1B2C-4123-B7F6-743237DB11A1} = {FD5B5DA4-8ACB-4BC7-978D-39FAC60CE079}
		{28FC16FF-EF37-4241-8E8B-E383F4499C38} = {ADDA9DD8-6815-41D2-85F3-C6A76AF10416}
		{50D46138-38A9-40C1-8310-EAA146A41E68} = {28FC16FF-EF37-4241-8E8B-E383F4499C38}
		{6D67E3C8-9F56-4F13-910E-C064E49F625B} = {519F8006-EDE6-4055-A136-8F616ECF9FBE}
		{C80CAAFD-69BD-4C03-9A01-299888FBFE8D} = {00893E48-8155-405C-AF36-3360FF2E3EDC}
		{00893E48-8155-405C-AF36-3360FF2E3EDC} = {6D67E3C8-9F56-4F13-910E-C064E49F625B}
		{DFBF58DB-8D0F-40D7-AC03-C6A091F32E6E} = {6D67E3C8-9F56-4F13-910E-C064E49F625B}
		{8EADE8DD-8963-4440-A249-063694C892B3} = {DFBF58DB-8D0F-40D7-AC03-C6A091F32E6E}
		{B43DACD4-0DBE-4CD3-A849-A8D2589661C5} = {6D67E3C8-9F56-4F13-910E-C064E49F625B}
		{EC65954E-6142-4B05-B6D0-399D96503E3D} = {B43DACD4-0DBE-4CD3-A849-A8D2589661C5}
		{F2176BDF-9C5C-4107-A465-95EE06E9615F} = {6D67E3C8-9F56-4F13-910E-C064E49F625B}
		{9468B54D-4A33-4C9A-AFB8-03C45A6E8293} = {F2176BDF-9C5C-4107-A465-95EE06E9615F}
		{637A9917-840F-479B-BF32-0F4ACD12EC0A} = {6D67E3C8-9F56-4F13-910E-C064E49F625B}
		{D9F5A031-964D-464F-A628-2067E110A186} = {637A9917-840F-479B-BF32-0F4ACD12EC0A}
		{381D7C36-7F46-475E-A692-533E9CDB522A} = {6D67E3C8-9F56-4F13-910E-C064E49F625B}
		{499CFF64-CE72-4262-98DE-DD657934D99D} = {381D7C36-7F46-475E-A692-533E9CDB522A}
	EndGlobalSection
	GlobalSection(ExtensibilityGlobals) = postSolution
		SolutionGuid = {FBAB26C3-5B6A-4AD1-9FD6-9054379784C3}
	EndGlobalSection
EndGlobal
